// !$*UTF8*$!
{
	archiveVersion = 1;
	classes = {
	};
	objectVersion = 56;
	objects = {

/* Begin PBXBuildFile section */
		AC6D0B5F14844CF981911525 /* MacBookFaceIDApp.swift in Sources */ = {isa = PBXBuildFile; fileRef = 1102A3609D7D4F85A0D58C69 /* MacBookFaceIDApp.swift */; };
		C750F3247DD545A9A81E9D52 /* AppDelegate.swift in Sources */ = {isa = PBXBuildFile; fileRef = 12703E91BB154B8E9C777AE2 /* AppDelegate.swift */; };
		EBF27F74D7C240A49481A9BC /* AppModel.swift in Sources */ = {isa = PBXBuildFile; fileRef = 1274678BDA4346899B1233EB /* AppModel.swift */; };
		51EB6F667CDB4A2EB88B7BD7 /* MenuBarContentView.swift in Sources */ = {isa = PBXBuildFile; fileRef = 7ED4C852B3404ADCA64593FE /* MenuBarContentView.swift */; };
		2BDF38700232491C8733BD2B /* IslandController.swift in Sources */ = {isa = PBXBuildFile; fileRef = FA941B7356444A3FBD158624 /* IslandController.swift */; };
		4B8E409F98184EF7AB35BD36 /* IslandGeometry.swift in Sources */ = {isa = PBXBuildFile; fileRef = 5666A72B777B4DA7858E6813 /* IslandGeometry.swift */; };
		A9C14979A7F64D2FB1DF9529 /* IslandView.swift in Sources */ = {isa = PBXBuildFile; fileRef = ED9BFF4F7A2E4CC0B06408E8 /* IslandView.swift */; };
		63FC30F92C714260A66E0DB7 /* ScanAnimationView.swift in Sources */ = {isa = PBXBuildFile; fileRef = 5B66C24FDE0640B9A4EA4688 /* ScanAnimationView.swift */; };
		1746322B7EBF48A98B1DE236 /* HeadPose.swift in Sources */ = {isa = PBXBuildFile; fileRef = 0C9FB7426A75409AAD4A5C23 /* HeadPose.swift */; };
		2778BBCC9F3149008E54B98B /* EnrollmentSession.swift in Sources */ = {isa = PBXBuildFile; fileRef = 82D94BA12A9946599DC54422 /* EnrollmentSession.swift */; };
		79A2219862B849399238B70E /* EnrollmentView.swift in Sources */ = {isa = PBXBuildFile; fileRef = 386306B6F9374AD285559449 /* EnrollmentView.swift */; };
		4836539A2CB941B3905DEA94 /* FaceAligner.swift in Sources */ = {isa = PBXBuildFile; fileRef = CA6B0E55B0CF400AAA7F51F3 /* FaceAligner.swift */; };
		C0628E39560D488F927D2EED /* FaceEmbedder.swift in Sources */ = {isa = PBXBuildFile; fileRef = F997A068B7A24361AD0DD80D /* FaceEmbedder.swift */; };
		9B564F03D6674D928BB9B26C /* IdentityVault.swift in Sources */ = {isa = PBXBuildFile; fileRef = 392375C5EC5C46E38808A0E7 /* IdentityVault.swift */; };
		F6F539B130C347DF974ABEEE /* LivenessEngine.swift in Sources */ = {isa = PBXBuildFile; fileRef = 5A45088765F54E71B268F684 /* LivenessEngine.swift */; };
		ACD38BAA26D949B2A4DE681D /* CryptoBox.swift in Sources */ = {isa = PBXBuildFile; fileRef = 2E4D6C6BB9434AAC8578B800 /* CryptoBox.swift */; };
		9648E8681FBC4BC787BF7934 /* SessionKeychain.swift in Sources */ = {isa = PBXBuildFile; fileRef = 4C42C5C16DE14035B7E4A37A /* SessionKeychain.swift */; };
		3A651044661445E489FD5BDD /* SessionGate.swift in Sources */ = {isa = PBXBuildFile; fileRef = A1943A73A2BE4CC69E8A8196 /* SessionGate.swift */; };
		1FD1843F254740218DE7BE03 /* UnlockPipeline.swift in Sources */ = {isa = PBXBuildFile; fileRef = C27A2969E74744BC908C19B2 /* UnlockPipeline.swift */; };
		28BEC63DB8CE4D98B655D28D /* ScreenLockObserver.swift in Sources */ = {isa = PBXBuildFile; fileRef = 3186D7A1B708425086EF2F36 /* ScreenLockObserver.swift */; };
		362402A93301437E91CAF6A4 /* AccessibilityTyper.swift in Sources */ = {isa = PBXBuildFile; fileRef = 991603BF770246E19A39CB15 /* AccessibilityTyper.swift */; };
		857DBD94AFA54751B5FCEB1F /* DisplayWaker.swift in Sources */ = {isa = PBXBuildFile; fileRef = CC814051AC03482C8BA9A796 /* DisplayWaker.swift */; };
		5AA69B68CBAB46979DFBD0A8 /* SpacebarTrigger.swift in Sources */ = {isa = PBXBuildFile; fileRef = A0D49BE495DE43539AEB327A /* SpacebarTrigger.swift */; };
		BA13D149CAC046B3AA3ED3A4 /* CameraManager.swift in Sources */ = {isa = PBXBuildFile; fileRef = 84ACFF7749FC47A2909CF94C /* CameraManager.swift */; };
		AD4D323DBF6C450298BCB1E0 /* CameraPreviewView.swift in Sources */ = {isa = PBXBuildFile; fileRef = 4E23C6E47F9144BF8C2DC688 /* CameraPreviewView.swift */; };
		744343B78D214B639E940776 /* SettingsRootView.swift in Sources */ = {isa = PBXBuildFile; fileRef = A0101979959E409A9CB8D3BA /* SettingsRootView.swift */; };
		CBB9A486BEA444FB9C45259F /* FacePane.swift in Sources */ = {isa = PBXBuildFile; fileRef = 5783372DFE5B4250A57B297A /* FacePane.swift */; };
		7A4DF3AC4B6F4B9FB5F6E79D /* RecognitionPane.swift in Sources */ = {isa = PBXBuildFile; fileRef = CF109D59A3394A4F988AB072 /* RecognitionPane.swift */; };
		9741FC1F1E3D412A9CFBED7D /* CameraPane.swift in Sources */ = {isa = PBXBuildFile; fileRef = 7411973859E64CFD9FB210C1 /* CameraPane.swift */; };
		EAC189F9381F4744B154DB5B /* PasswordPane.swift in Sources */ = {isa = PBXBuildFile; fileRef = 3984162815534D47ABFDC2B1 /* PasswordPane.swift */; };
		1278018B85C841DB8E0D5EFA /* GeneralPane.swift in Sources */ = {isa = PBXBuildFile; fileRef = 15CB22C7C9D04D5B8244B168 /* GeneralPane.swift */; };
		DADF18E63A2F46AE901C8EA5 /* OnboardingView.swift in Sources */ = {isa = PBXBuildFile; fileRef = 4F7C369544464D909E3B6476 /* OnboardingView.swift */; };
		FFAE96174C3044ABB2576961 /* PermissionMonitor.swift in Sources */ = {isa = PBXBuildFile; fileRef = C14B6298494F4BADBB81C648 /* PermissionMonitor.swift */; };
		BA63504FACC84D52A8F26EB1 /* AppConstants.swift in Sources */ = {isa = PBXBuildFile; fileRef = 144CF4FD215149638B7C82FE /* AppConstants.swift */; };
		051E8EAD8E9242CDBB109734 /* Assets.xcassets in Resources */ = {isa = PBXBuildFile; fileRef = 3DE19919EA72491CB25D8505 /* Assets.xcassets */; };
		D703F172AC3B4621A5E6A8B8 /* SwiftUI.framework in Frameworks */ = {isa = PBXBuildFile; fileRef = 8A3588DDA4AF48099ACDC48E /* SwiftUI.framework */; };
		C4553480B7CA48AE9DE89CD4 /* AppKit.framework in Frameworks */ = {isa = PBXBuildFile; fileRef = 0E44B2F581B24305B17A0746 /* AppKit.framework */; };
		CB5705E2E76F42ABB765376B /* AVFoundation.framework in Frameworks */ = {isa = PBXBuildFile; fileRef = 11E05FCB8F604CBBA1915536 /* AVFoundation.framework */; };
		2BE1F1AD76394F78B4DF5C2C /* Vision.framework in Frameworks */ = {isa = PBXBuildFile; fileRef = F66B114093254D89908D28E7 /* Vision.framework */; };
		0DE8B5D9B4E548BC8CC6E75F /* Security.framework in Frameworks */ = {isa = PBXBuildFile; fileRef = E07DE0CC6E9F402FB94CE557 /* Security.framework */; };
		FA754C66EDB248AB9EE1FE2B /* IOKit.framework in Frameworks */ = {isa = PBXBuildFile; fileRef = B9F693A17E344D6E93F8708B /* IOKit.framework */; };
		8D51ACBA15D94961979508A0 /* ApplicationServices.framework in Frameworks */ = {isa = PBXBuildFile; fileRef = CBAC5BD512F743AA9FBDFFAC /* ApplicationServices.framework */; };
		1C2178AFC0B0447091E3A7F3 /* ServiceManagement.framework in Frameworks */ = {isa = PBXBuildFile; fileRef = A8F71A6E92E14D17A3D3C069 /* ServiceManagement.framework */; };
		1DC81F3256F3414AA4DCF278 /* Combine.framework in Frameworks */ = {isa = PBXBuildFile; fileRef = 42A3753B49A74DF2A50FC1FF /* Combine.framework */; };
		05C18443EFE94AE6897BF0C3 /* CoreGraphics.framework in Frameworks */ = {isa = PBXBuildFile; fileRef = 3D5CFBCD630748B4826AB1E2 /* CoreGraphics.framework */; };
		E64F051836E34EF0A4131961 /* CoreImage.framework in Frameworks */ = {isa = PBXBuildFile; fileRef = C453E9E44FA34861BEEE279A /* CoreImage.framework */; };
		5B7BA950540047F2B611EB03 /* QuartzCore.framework in Frameworks */ = {isa = PBXBuildFile; fileRef = 6E333CBC98E34AEC92A09930 /* QuartzCore.framework */; };
		57ED2B5D1D084AE7B7B42FB9 /* Carbon.framework in Frameworks */ = {isa = PBXBuildFile; fileRef = BC18F262CBC9460CBBD14B79 /* Carbon.framework */; };
		8C171B0CE7BE42FD9C47E90D /* CryptoKit.framework in Frameworks */ = {isa = PBXBuildFile; fileRef = 596F1870CEF4480C9ABC6F21 /* CryptoKit.framework */; };
		CBA13A2446C64E86B0248AD9 /* LocalAuthentication.framework in Frameworks */ = {isa = PBXBuildFile; fileRef = 4CBEBD1047EE442C88D27017 /* LocalAuthentication.framework */; };
		AAD6303C9E5346E58DC7F403 /* CoreML.framework in Frameworks */ = {isa = PBXBuildFile; fileRef = 86DE217C678E47A6B2DCED01 /* CoreML.framework */; };
		5BEFBBFA76434136B468824E /* CoreVideo.framework in Frameworks */ = {isa = PBXBuildFile; fileRef = F2F0E2E28C9E405AAE098C52 /* CoreVideo.framework */; };
		ABFE3139E24049E78399A6A3 /* CoreMedia.framework in Frameworks */ = {isa = PBXBuildFile; fileRef = 6222AA0B74994F9386CAD1E4 /* CoreMedia.framework */; };
/* End PBXBuildFile section */

/* Begin PBXFileReference section */
		D86BF209F23B4C8FAEBBBBBF /* MacBook FaceID.app */ = {isa = PBXFileReference; explicitFileType = wrapper.application; includeInIndex = 0; path = "MacBook FaceID.app"; sourceTree = BUILT_PRODUCTS_DIR; };
		1102A3609D7D4F85A0D58C69 /* MacBookFaceIDApp.swift */ = {isa = PBXFileReference; lastKnownFileType = sourcecode.swift; path = MacBookFaceIDApp.swift; sourceTree = "<group>"; };
		12703E91BB154B8E9C777AE2 /* AppDelegate.swift */ = {isa = PBXFileReference; lastKnownFileType = sourcecode.swift; path = AppDelegate.swift; sourceTree = "<group>"; };
		1274678BDA4346899B1233EB /* AppModel.swift */ = {isa = PBXFileReference; lastKnownFileType = sourcecode.swift; path = AppModel.swift; sourceTree = "<group>"; };
		7ED4C852B3404ADCA64593FE /* MenuBarContentView.swift */ = {isa = PBXFileReference; lastKnownFileType = sourcecode.swift; path = MenuBarContentView.swift; sourceTree = "<group>"; };
		FA941B7356444A3FBD158624 /* IslandController.swift */ = {isa = PBXFileReference; lastKnownFileType = sourcecode.swift; path = IslandController.swift; sourceTree = "<group>"; };
		5666A72B777B4DA7858E6813 /* IslandGeometry.swift */ = {isa = PBXFileReference; lastKnownFileType = sourcecode.swift; path = IslandGeometry.swift; sourceTree = "<group>"; };
		ED9BFF4F7A2E4CC0B06408E8 /* IslandView.swift */ = {isa = PBXFileReference; lastKnownFileType = sourcecode.swift; path = IslandView.swift; sourceTree = "<group>"; };
		5B66C24FDE0640B9A4EA4688 /* ScanAnimationView.swift */ = {isa = PBXFileReference; lastKnownFileType = sourcecode.swift; path = ScanAnimationView.swift; sourceTree = "<group>"; };
		0C9FB7426A75409AAD4A5C23 /* HeadPose.swift */ = {isa = PBXFileReference; lastKnownFileType = sourcecode.swift; path = HeadPose.swift; sourceTree = "<group>"; };
		82D94BA12A9946599DC54422 /* EnrollmentSession.swift */ = {isa = PBXFileReference; lastKnownFileType = sourcecode.swift; path = EnrollmentSession.swift; sourceTree = "<group>"; };
		386306B6F9374AD285559449 /* EnrollmentView.swift */ = {isa = PBXFileReference; lastKnownFileType = sourcecode.swift; path = EnrollmentView.swift; sourceTree = "<group>"; };
		CA6B0E55B0CF400AAA7F51F3 /* FaceAligner.swift */ = {isa = PBXFileReference; lastKnownFileType = sourcecode.swift; path = FaceAligner.swift; sourceTree = "<group>"; };
		F997A068B7A24361AD0DD80D /* FaceEmbedder.swift */ = {isa = PBXFileReference; lastKnownFileType = sourcecode.swift; path = FaceEmbedder.swift; sourceTree = "<group>"; };
		392375C5EC5C46E38808A0E7 /* IdentityVault.swift */ = {isa = PBXFileReference; lastKnownFileType = sourcecode.swift; path = IdentityVault.swift; sourceTree = "<group>"; };
		5A45088765F54E71B268F684 /* LivenessEngine.swift */ = {isa = PBXFileReference; lastKnownFileType = sourcecode.swift; path = LivenessEngine.swift; sourceTree = "<group>"; };
		2E4D6C6BB9434AAC8578B800 /* CryptoBox.swift */ = {isa = PBXFileReference; lastKnownFileType = sourcecode.swift; path = CryptoBox.swift; sourceTree = "<group>"; };
		4C42C5C16DE14035B7E4A37A /* SessionKeychain.swift */ = {isa = PBXFileReference; lastKnownFileType = sourcecode.swift; path = SessionKeychain.swift; sourceTree = "<group>"; };
		A1943A73A2BE4CC69E8A8196 /* SessionGate.swift */ = {isa = PBXFileReference; lastKnownFileType = sourcecode.swift; path = SessionGate.swift; sourceTree = "<group>"; };
		C27A2969E74744BC908C19B2 /* UnlockPipeline.swift */ = {isa = PBXFileReference; lastKnownFileType = sourcecode.swift; path = UnlockPipeline.swift; sourceTree = "<group>"; };
		3186D7A1B708425086EF2F36 /* ScreenLockObserver.swift */ = {isa = PBXFileReference; lastKnownFileType = sourcecode.swift; path = ScreenLockObserver.swift; sourceTree = "<group>"; };
		991603BF770246E19A39CB15 /* AccessibilityTyper.swift */ = {isa = PBXFileReference; lastKnownFileType = sourcecode.swift; path = AccessibilityTyper.swift; sourceTree = "<group>"; };
		CC814051AC03482C8BA9A796 /* DisplayWaker.swift */ = {isa = PBXFileReference; lastKnownFileType = sourcecode.swift; path = DisplayWaker.swift; sourceTree = "<group>"; };
		A0D49BE495DE43539AEB327A /* SpacebarTrigger.swift */ = {isa = PBXFileReference; lastKnownFileType = sourcecode.swift; path = SpacebarTrigger.swift; sourceTree = "<group>"; };
		84ACFF7749FC47A2909CF94C /* CameraManager.swift */ = {isa = PBXFileReference; lastKnownFileType = sourcecode.swift; path = CameraManager.swift; sourceTree = "<group>"; };
		4E23C6E47F9144BF8C2DC688 /* CameraPreviewView.swift */ = {isa = PBXFileReference; lastKnownFileType = sourcecode.swift; path = CameraPreviewView.swift; sourceTree = "<group>"; };
		A0101979959E409A9CB8D3BA /* SettingsRootView.swift */ = {isa = PBXFileReference; lastKnownFileType = sourcecode.swift; path = SettingsRootView.swift; sourceTree = "<group>"; };
		5783372DFE5B4250A57B297A /* FacePane.swift */ = {isa = PBXFileReference; lastKnownFileType = sourcecode.swift; path = FacePane.swift; sourceTree = "<group>"; };
		CF109D59A3394A4F988AB072 /* RecognitionPane.swift */ = {isa = PBXFileReference; lastKnownFileType = sourcecode.swift; path = RecognitionPane.swift; sourceTree = "<group>"; };
		7411973859E64CFD9FB210C1 /* CameraPane.swift */ = {isa = PBXFileReference; lastKnownFileType = sourcecode.swift; path = CameraPane.swift; sourceTree = "<group>"; };
		3984162815534D47ABFDC2B1 /* PasswordPane.swift */ = {isa = PBXFileReference; lastKnownFileType = sourcecode.swift; path = PasswordPane.swift; sourceTree = "<group>"; };
		15CB22C7C9D04D5B8244B168 /* GeneralPane.swift */ = {isa = PBXFileReference; lastKnownFileType = sourcecode.swift; path = GeneralPane.swift; sourceTree = "<group>"; };
		4F7C369544464D909E3B6476 /* OnboardingView.swift */ = {isa = PBXFileReference; lastKnownFileType = sourcecode.swift; path = OnboardingView.swift; sourceTree = "<group>"; };
		C14B6298494F4BADBB81C648 /* PermissionMonitor.swift */ = {isa = PBXFileReference; lastKnownFileType = sourcecode.swift; path = PermissionMonitor.swift; sourceTree = "<group>"; };
		144CF4FD215149638B7C82FE /* AppConstants.swift */ = {isa = PBXFileReference; lastKnownFileType = sourcecode.swift; path = AppConstants.swift; sourceTree = "<group>"; };
		22E9A5DB9DDF4B9FA1652AF3 /* Info.plist */ = {isa = PBXFileReference; lastKnownFileType = text.plist.xml; path = Info.plist; sourceTree = "<group>"; };
		71A7A3C3F1DC41F58C9C4CEA /* MacBookFaceID.entitlements */ = {isa = PBXFileReference; lastKnownFileType = text.plist.entitlements; path = MacBookFaceID.entitlements; sourceTree = "<group>"; };
		3DE19919EA72491CB25D8505 /* Assets.xcassets */ = {isa = PBXFileReference; lastKnownFileType = folder.assetcatalog; path = Assets.xcassets; sourceTree = "<group>"; };
		11E113C3E8C0487081B1DB56 /* CGSessionBridge.h */ = {isa = PBXFileReference; lastKnownFileType = sourcecode.c.h; path = CGSessionBridge.h; sourceTree = "<group>"; };
		8A3588DDA4AF48099ACDC48E /* SwiftUI.framework */ = {isa = PBXFileReference; lastKnownFileType = wrapper.framework; name = SwiftUI.framework; path = System/Library/Frameworks/SwiftUI.framework; sourceTree = SDKROOT; };
		0E44B2F581B24305B17A0746 /* AppKit.framework */ = {isa = PBXFileReference; lastKnownFileType = wrapper.framework; name = AppKit.framework; path = System/Library/Frameworks/AppKit.framework; sourceTree = SDKROOT; };
		11E05FCB8F604CBBA1915536 /* AVFoundation.framework */ = {isa = PBXFileReference; lastKnownFileType = wrapper.framework; name = AVFoundation.framework; path = System/Library/Frameworks/AVFoundation.framework; sourceTree = SDKROOT; };
		F66B114093254D89908D28E7 /* Vision.framework */ = {isa = PBXFileReference; lastKnownFileType = wrapper.framework; name = Vision.framework; path = System/Library/Frameworks/Vision.framework; sourceTree = SDKROOT; };
		E07DE0CC6E9F402FB94CE557 /* Security.framework */ = {isa = PBXFileReference; lastKnownFileType = wrapper.framework; name = Security.framework; path = System/Library/Frameworks/Security.framework; sourceTree = SDKROOT; };
		B9F693A17E344D6E93F8708B /* IOKit.framework */ = {isa = PBXFileReference; lastKnownFileType = wrapper.framework; name = IOKit.framework; path = System/Library/Frameworks/IOKit.framework; sourceTree = SDKROOT; };
		CBAC5BD512F743AA9FBDFFAC /* ApplicationServices.framework */ = {isa = PBXFileReference; lastKnownFileType = wrapper.framework; name = ApplicationServices.framework; path = System/Library/Frameworks/ApplicationServices.framework; sourceTree = SDKROOT; };
		A8F71A6E92E14D17A3D3C069 /* ServiceManagement.framework */ = {isa = PBXFileReference; lastKnownFileType = wrapper.framework; name = ServiceManagement.framework; path = System/Library/Frameworks/ServiceManagement.framework; sourceTree = SDKROOT; };
		42A3753B49A74DF2A50FC1FF /* Combine.framework */ = {isa = PBXFileReference; lastKnownFileType = wrapper.framework; name = Combine.framework; path = System/Library/Frameworks/Combine.framework; sourceTree = SDKROOT; };
		3D5CFBCD630748B4826AB1E2 /* CoreGraphics.framework */ = {isa = PBXFileReference; lastKnownFileType = wrapper.framework; name = CoreGraphics.framework; path = System/Library/Frameworks/CoreGraphics.framework; sourceTree = SDKROOT; };
		C453E9E44FA34861BEEE279A /* CoreImage.framework */ = {isa = PBXFileReference; lastKnownFileType = wrapper.framework; name = CoreImage.framework; path = System/Library/Frameworks/CoreImage.framework; sourceTree = SDKROOT; };
		6E333CBC98E34AEC92A09930 /* QuartzCore.framework */ = {isa = PBXFileReference; lastKnownFileType = wrapper.framework; name = QuartzCore.framework; path = System/Library/Frameworks/QuartzCore.framework; sourceTree = SDKROOT; };
		BC18F262CBC9460CBBD14B79 /* Carbon.framework */ = {isa = PBXFileReference; lastKnownFileType = wrapper.framework; name = Carbon.framework; path = System/Library/Frameworks/Carbon.framework; sourceTree = SDKROOT; };
		596F1870CEF4480C9ABC6F21 /* CryptoKit.framework */ = {isa = PBXFileReference; lastKnownFileType = wrapper.framework; name = CryptoKit.framework; path = System/Library/Frameworks/CryptoKit.framework; sourceTree = SDKROOT; };
		4CBEBD1047EE442C88D27017 /* LocalAuthentication.framework */ = {isa = PBXFileReference; lastKnownFileType = wrapper.framework; name = LocalAuthentication.framework; path = System/Library/Frameworks/LocalAuthentication.framework; sourceTree = SDKROOT; };
		86DE217C678E47A6B2DCED01 /* CoreML.framework */ = {isa = PBXFileReference; lastKnownFileType = wrapper.framework; name = CoreML.framework; path = System/Library/Frameworks/CoreML.framework; sourceTree = SDKROOT; };
		F2F0E2E28C9E405AAE098C52 /* CoreVideo.framework */ = {isa = PBXFileReference; lastKnownFileType = wrapper.framework; name = CoreVideo.framework; path = System/Library/Frameworks/CoreVideo.framework; sourceTree = SDKROOT; };
		6222AA0B74994F9386CAD1E4 /* CoreMedia.framework */ = {isa = PBXFileReference; lastKnownFileType = wrapper.framework; name = CoreMedia.framework; path = System/Library/Frameworks/CoreMedia.framework; sourceTree = SDKROOT; };
/* End PBXFileReference section */

/* Begin PBXFrameworksBuildPhase section */
		F7B93BE0E9684CD5B14AEFA9 /* Frameworks */ = {
			isa = PBXFrameworksBuildPhase;
			buildActionMask = 2147483647;
			files = (
				D703F172AC3B4621A5E6A8B8 /* SwiftUI.framework in Frameworks */,
				C4553480B7CA48AE9DE89CD4 /* AppKit.framework in Frameworks */,
				CB5705E2E76F42ABB765376B /* AVFoundation.framework in Frameworks */,
				2BE1F1AD76394F78B4DF5C2C /* Vision.framework in Frameworks */,
				0DE8B5D9B4E548BC8CC6E75F /* Security.framework in Frameworks */,
				FA754C66EDB248AB9EE1FE2B /* IOKit.framework in Frameworks */,
				8D51ACBA15D94961979508A0 /* ApplicationServices.framework in Frameworks */,
				1C2178AFC0B0447091E3A7F3 /* ServiceManagement.framework in Frameworks */,
				1DC81F3256F3414AA4DCF278 /* Combine.framework in Frameworks */,
				05C18443EFE94AE6897BF0C3 /* CoreGraphics.framework in Frameworks */,
				E64F051836E34EF0A4131961 /* CoreImage.framework in Frameworks */,
				5B7BA950540047F2B611EB03 /* QuartzCore.framework in Frameworks */,
				57ED2B5D1D084AE7B7B42FB9 /* Carbon.framework in Frameworks */,
				8C171B0CE7BE42FD9C47E90D /* CryptoKit.framework in Frameworks */,
				CBA13A2446C64E86B0248AD9 /* LocalAuthentication.framework in Frameworks */,
				AAD6303C9E5346E58DC7F403 /* CoreML.framework in Frameworks */,
				5BEFBBFA76434136B468824E /* CoreVideo.framework in Frameworks */,
				ABFE3139E24049E78399A6A3 /* CoreMedia.framework in Frameworks */,
			);
			runOnlyForDeploymentPostprocessing = 0;
		};
/* End PBXFrameworksBuildPhase section */

/* Begin PBXGroup section */
		66D9D361CBBF43D09BAA3C35 = {
			isa = PBXGroup;
			children = (
				283F57888DEE41659F5CA3A2 /* MacBookFaceID */,
				44F6D0E158B84AA8A7AB30A9 /* Frameworks */,
				BA9E12D892A24FF189714E51 /* Products */,
			);
			sourceTree = "<group>";
		};
		BA9E12D892A24FF189714E51 /* Products */ = {
			isa = PBXGroup;
			children = (
				D86BF209F23B4C8FAEBBBBBF /* MacBook FaceID.app */,
			);
			name = Products;
			sourceTree = "<group>";
		};
		283F57888DEE41659F5CA3A2 /* MacBookFaceID */ = {
			isa = PBXGroup;
			children = (
				851AFC0B2CCE4C6D9885A2BB /* App */,
				294D33E363934EF194EF7BAC /* Island */,
				EEC5C4D8A5B14490B8AF70B1 /* Enrollment */,
				19ECE5E736B24C459D670677 /* Recognition */,
				50F00430EC5343D9AA81AFA5 /* Liveness */,
				C367520B613842E1915FBA05 /* Credentials */,
				3EB266592FAC4E3CAB74C9D4 /* Unlock */,
				DEC93294BDC1468FB30747DB /* Camera */,
				C0422DB751EC467EBC86C07C /* Settings */,
				3B827141C132424FADF596A7 /* Onboarding */,
				37DEFF914D1C4A77B5C49591 /* Permissions */,
				064FA3F9F90C471A93FA47F3 /* Support */,
				37B77B1FF7394AF8903BF409 /* Resources */,
			);
			path = MacBookFaceID;
			sourceTree = "<group>";
		};
		37B77B1FF7394AF8903BF409 /* Resources */ = {
			isa = PBXGroup;
			children = (
				22E9A5DB9DDF4B9FA1652AF3 /* Info.plist */,
				71A7A3C3F1DC41F58C9C4CEA /* MacBookFaceID.entitlements */,
				3DE19919EA72491CB25D8505 /* Assets.xcassets */,
			);
			path = Resources;
			sourceTree = "<group>";
		};
		44F6D0E158B84AA8A7AB30A9 /* Frameworks */ = {
			isa = PBXGroup;
			children = (
				8A3588DDA4AF48099ACDC48E /* SwiftUI.framework */,
				0E44B2F581B24305B17A0746 /* AppKit.framework */,
				11E05FCB8F604CBBA1915536 /* AVFoundation.framework */,
				F66B114093254D89908D28E7 /* Vision.framework */,
				E07DE0CC6E9F402FB94CE557 /* Security.framework */,
				B9F693A17E344D6E93F8708B /* IOKit.framework */,
				CBAC5BD512F743AA9FBDFFAC /* ApplicationServices.framework */,
				A8F71A6E92E14D17A3D3C069 /* ServiceManagement.framework */,
				42A3753B49A74DF2A50FC1FF /* Combine.framework */,
				3D5CFBCD630748B4826AB1E2 /* CoreGraphics.framework */,
				C453E9E44FA34861BEEE279A /* CoreImage.framework */,
				6E333CBC98E34AEC92A09930 /* QuartzCore.framework */,
				BC18F262CBC9460CBBD14B79 /* Carbon.framework */,
				596F1870CEF4480C9ABC6F21 /* CryptoKit.framework */,
				4CBEBD1047EE442C88D27017 /* LocalAuthentication.framework */,
				86DE217C678E47A6B2DCED01 /* CoreML.framework */,
				F2F0E2E28C9E405AAE098C52 /* CoreVideo.framework */,
				6222AA0B74994F9386CAD1E4 /* CoreMedia.framework */,
			);
			name = Frameworks;
			sourceTree = "<group>";
		};
		851AFC0B2CCE4C6D9885A2BB /* App */ = {
			isa = PBXGroup;
			children = (
				1102A3609D7D4F85A0D58C69 /* MacBookFaceIDApp.swift */,
				12703E91BB154B8E9C777AE2 /* AppDelegate.swift */,
				1274678BDA4346899B1233EB /* AppModel.swift */,
				7ED4C852B3404ADCA64593FE /* MenuBarContentView.swift */,
			);
			path = App;
			sourceTree = "<group>";
		};
		294D33E363934EF194EF7BAC /* Island */ = {
			isa = PBXGroup;
			children = (
				FA941B7356444A3FBD158624 /* IslandController.swift */,
				5666A72B777B4DA7858E6813 /* IslandGeometry.swift */,
				ED9BFF4F7A2E4CC0B06408E8 /* IslandView.swift */,
				5B66C24FDE0640B9A4EA4688 /* ScanAnimationView.swift */,
			);
			path = Island;
			sourceTree = "<group>";
		};
		EEC5C4D8A5B14490B8AF70B1 /* Enrollment */ = {
			isa = PBXGroup;
			children = (
				0C9FB7426A75409AAD4A5C23 /* HeadPose.swift */,
				82D94BA12A9946599DC54422 /* EnrollmentSession.swift */,
				386306B6F9374AD285559449 /* EnrollmentView.swift */,
			);
			path = Enrollment;
			sourceTree = "<group>";
		};
		19ECE5E736B24C459D670677 /* Recognition */ = {
			isa = PBXGroup;
			children = (
				CA6B0E55B0CF400AAA7F51F3 /* FaceAligner.swift */,
				F997A068B7A24361AD0DD80D /* FaceEmbedder.swift */,
				392375C5EC5C46E38808A0E7 /* IdentityVault.swift */,
			);
			path = Recognition;
			sourceTree = "<group>";
		};
		50F00430EC5343D9AA81AFA5 /* Liveness */ = {
			isa = PBXGroup;
			children = (
				5A45088765F54E71B268F684 /* LivenessEngine.swift */,
			);
			path = Liveness;
			sourceTree = "<group>";
		};
		C367520B613842E1915FBA05 /* Credentials */ = {
			isa = PBXGroup;
			children = (
				2E4D6C6BB9434AAC8578B800 /* CryptoBox.swift */,
				4C42C5C16DE14035B7E4A37A /* SessionKeychain.swift */,
				A1943A73A2BE4CC69E8A8196 /* SessionGate.swift */,
			);
			path = Credentials;
			sourceTree = "<group>";
		};
		3EB266592FAC4E3CAB74C9D4 /* Unlock */ = {
			isa = PBXGroup;
			children = (
				C27A2969E74744BC908C19B2 /* UnlockPipeline.swift */,
				3186D7A1B708425086EF2F36 /* ScreenLockObserver.swift */,
				991603BF770246E19A39CB15 /* AccessibilityTyper.swift */,
				CC814051AC03482C8BA9A796 /* DisplayWaker.swift */,
				A0D49BE495DE43539AEB327A /* SpacebarTrigger.swift */,
			);
			path = Unlock;
			sourceTree = "<group>";
		};
		DEC93294BDC1468FB30747DB /* Camera */ = {
			isa = PBXGroup;
			children = (
				84ACFF7749FC47A2909CF94C /* CameraManager.swift */,
				4E23C6E47F9144BF8C2DC688 /* CameraPreviewView.swift */,
			);
			path = Camera;
			sourceTree = "<group>";
		};
		C0422DB751EC467EBC86C07C /* Settings */ = {
			isa = PBXGroup;
			children = (
				A0101979959E409A9CB8D3BA /* SettingsRootView.swift */,
				5783372DFE5B4250A57B297A /* FacePane.swift */,
				CF109D59A3394A4F988AB072 /* RecognitionPane.swift */,
				7411973859E64CFD9FB210C1 /* CameraPane.swift */,
				3984162815534D47ABFDC2B1 /* PasswordPane.swift */,
				15CB22C7C9D04D5B8244B168 /* GeneralPane.swift */,
			);
			path = Settings;
			sourceTree = "<group>";
		};
		3B827141C132424FADF596A7 /* Onboarding */ = {
			isa = PBXGroup;
			children = (
				4F7C369544464D909E3B6476 /* OnboardingView.swift */,
			);
			path = Onboarding;
			sourceTree = "<group>";
		};
		37DEFF914D1C4A77B5C49591 /* Permissions */ = {
			isa = PBXGroup;
			children = (
				C14B6298494F4BADBB81C648 /* PermissionMonitor.swift */,
			);
			path = Permissions;
			sourceTree = "<group>";
		};
		064FA3F9F90C471A93FA47F3 /* Support */ = {
			isa = PBXGroup;
			children = (
				144CF4FD215149638B7C82FE /* AppConstants.swift */,
				11E113C3E8C0487081B1DB56 /* CGSessionBridge.h */,
			);
			path = Support;
			sourceTree = "<group>";
		};
/* End PBXGroup section */

/* Begin PBXNativeTarget section */
		F9018FF4F841446CB97154CD /* MacBookFaceID */ = {
			isa = PBXNativeTarget;
			buildConfigurationList = 49BF0E54E3554C11BD003E77 /* Build configuration list for PBXNativeTarget "MacBookFaceID" */;
			buildPhases = (
				161C29C6C6A1419BB310B6AE /* Sources */,
				F7B93BE0E9684CD5B14AEFA9 /* Frameworks */,
				03C8B20F15B64EFFA0DF2C2A /* Resources */,
			);
			buildRules = (
			);
			dependencies = (
			);
			name = MacBookFaceID;
			productName = "MacBook FaceID";
			productReference = D86BF209F23B4C8FAEBBBBBF /* MacBook FaceID.app */;
			productType = "com.apple.product-type.application";
		};
/* End PBXNativeTarget section */

/* Begin PBXProject section */
		E47FBD8F07EE4BB9939C8DFF /* Project object */ = {
			isa = PBXProject;
			attributes = {
				BuildIndependentTargetsInParallel = 1;
				LastSwiftUpdateCheck = 1500;
				LastUpgradeCheck = 1500;
				TargetAttributes = {
					F9018FF4F841446CB97154CD = {
						CreatedOnToolsVersion = 15.0;
					};
				};
			};
			buildConfigurationList = B39AB8480A274457A44ED804 /* Build configuration list for PBXProject "MacBookFaceID" */;
			compatibilityVersion = "Xcode 14.0";
			developmentRegion = en;
			hasScannedForEncodings = 0;
			knownRegions = (
				en,
				Base,
			);
			mainGroup = 66D9D361CBBF43D09BAA3C35;
			productRefGroup = BA9E12D892A24FF189714E51 /* Products */;
			projectDirPath = "";
			projectRoot = "";
			targets = (
				F9018FF4F841446CB97154CD /* MacBookFaceID */,
			);
		};
/* End PBXProject section */

/* Begin PBXResourcesBuildPhase section */
		03C8B20F15B64EFFA0DF2C2A /* Resources */ = {
			isa = PBXResourcesBuildPhase;
			buildActionMask = 2147483647;
			files = (
				051E8EAD8E9242CDBB109734 /* Assets.xcassets in Resources */,
			);
			runOnlyForDeploymentPostprocessing = 0;
		};
/* End PBXResourcesBuildPhase section */

/* Begin PBXSourcesBuildPhase section */
		161C29C6C6A1419BB310B6AE /* Sources */ = {
			isa = PBXSourcesBuildPhase;
			buildActionMask = 2147483647;
			files = (
				AC6D0B5F14844CF981911525 /* MacBookFaceIDApp.swift in Sources */,
				C750F3247DD545A9A81E9D52 /* AppDelegate.swift in Sources */,
				EBF27F74D7C240A49481A9BC /* AppModel.swift in Sources */,
				51EB6F667CDB4A2EB88B7BD7 /* MenuBarContentView.swift in Sources */,
				2BDF38700232491C8733BD2B /* IslandController.swift in Sources */,
				4B8E409F98184EF7AB35BD36 /* IslandGeometry.swift in Sources */,
				A9C14979A7F64D2FB1DF9529 /* IslandView.swift in Sources */,
				63FC30F92C714260A66E0DB7 /* ScanAnimationView.swift in Sources */,
				1746322B7EBF48A98B1DE236 /* HeadPose.swift in Sources */,
				2778BBCC9F3149008E54B98B /* EnrollmentSession.swift in Sources */,
				79A2219862B849399238B70E /* EnrollmentView.swift in Sources */,
				4836539A2CB941B3905DEA94 /* FaceAligner.swift in Sources */,
				C0628E39560D488F927D2EED /* FaceEmbedder.swift in Sources */,
				9B564F03D6674D928BB9B26C /* IdentityVault.swift in Sources */,
				F6F539B130C347DF974ABEEE /* LivenessEngine.swift in Sources */,
				ACD38BAA26D949B2A4DE681D /* CryptoBox.swift in Sources */,
				9648E8681FBC4BC787BF7934 /* SessionKeychain.swift in Sources */,
				3A651044661445E489FD5BDD /* SessionGate.swift in Sources */,
				1FD1843F254740218DE7BE03 /* UnlockPipeline.swift in Sources */,
				28BEC63DB8CE4D98B655D28D /* ScreenLockObserver.swift in Sources */,
				362402A93301437E91CAF6A4 /* AccessibilityTyper.swift in Sources */,
				857DBD94AFA54751B5FCEB1F /* DisplayWaker.swift in Sources */,
				5AA69B68CBAB46979DFBD0A8 /* SpacebarTrigger.swift in Sources */,
				BA13D149CAC046B3AA3ED3A4 /* CameraManager.swift in Sources */,
				AD4D323DBF6C450298BCB1E0 /* CameraPreviewView.swift in Sources */,
				744343B78D214B639E940776 /* SettingsRootView.swift in Sources */,
				CBB9A486BEA444FB9C45259F /* FacePane.swift in Sources */,
				7A4DF3AC4B6F4B9FB5F6E79D /* RecognitionPane.swift in Sources */,
				9741FC1F1E3D412A9CFBED7D /* CameraPane.swift in Sources */,
				EAC189F9381F4744B154DB5B /* PasswordPane.swift in Sources */,
				1278018B85C841DB8E0D5EFA /* GeneralPane.swift in Sources */,
				DADF18E63A2F46AE901C8EA5 /* OnboardingView.swift in Sources */,
				FFAE96174C3044ABB2576961 /* PermissionMonitor.swift in Sources */,
				BA63504FACC84D52A8F26EB1 /* AppConstants.swift in Sources */,
			);
			runOnlyForDeploymentPostprocessing = 0;
		};
/* End PBXSourcesBuildPhase section */

/* Begin XCBuildConfiguration section */
		FE85997451A84397992358EF /* Debug */ = {
			isa = XCBuildConfiguration;
			buildSettings = {
				ALWAYS_SEARCH_USER_PATHS = NO;
				CLANG_ANALYZER_NONNULL = YES;
				CLANG_ENABLE_MODULES = YES;
				CLANG_ENABLE_OBJC_ARC = YES;
				CLANG_WARN_BLOCK_CAPTURE_AUTORELEASING = YES;
				CLANG_WARN_BOOL_CONVERSION = YES;
				CLANG_WARN_COMMA = YES;
				CLANG_WARN_CONSTANT_CONVERSION = YES;
				CLANG_WARN_DEPRECATED_OBJC_IMPLEMENTATIONS = YES;
				CLANG_WARN_EMPTY_BODY = YES;
				CLANG_WARN_ENUM_CONVERSION = YES;
				CLANG_WARN_INFINITE_RECURSION = YES;
				CLANG_WARN_INT_CONVERSION = YES;
				CLANG_WARN_NON_LITERAL_NULL_CONVERSION = YES;
				CLANG_WARN_OBJC_IMPLICIT_RETAIN_SELF = YES;
				CLANG_WARN_QUOTED_INCLUDE_IN_FRAMEWORK_HEADER = YES;
				CLANG_WARN_RANGE_LOOP_ANALYSIS = YES;
				CLANG_WARN_STRICT_PROTOTYPES = YES;
				CLANG_WARN_SUSPICIOUS_MOVE = YES;
				CLANG_WARN_UNREACHABLE_CODE = YES;
				CLANG_WARN__DUPLICATE_METHOD_MATCH = YES;
				COPY_PHASE_STRIP = NO;
				DEAD_CODE_STRIPPING = YES;
				ENABLE_STRICT_OBJC_MSGSEND = YES;
				GCC_C_LANGUAGE_STANDARD = gnu17;
				GCC_NO_COMMON_BLOCKS = YES;
				GCC_WARN_64_TO_32_BIT_CONVERSION = YES;
				GCC_WARN_ABOUT_RETURN_TYPE = YES_ERROR;
				GCC_WARN_UNDECLARED_SELECTOR = YES;
				GCC_WARN_UNINITIALIZED_AUTOS = YES_AGGRESSIVE;
				GCC_WARN_UNUSED_FUNCTION = YES;
				GCC_WARN_UNUSED_VARIABLE = YES;
				MACOSX_DEPLOYMENT_TARGET = 14.0;
				SDKROOT = macosx;

				DEBUG_INFORMATION_FORMAT = dwarf;
				ENABLE_TESTABILITY = YES;
				GCC_DYNAMIC_NO_PIC = NO;
				GCC_OPTIMIZATION_LEVEL = 0;
				GCC_PREPROCESSOR_DEFINITIONS = (
					"DEBUG=1",
					"$(inherited)",
				);
				MTL_ENABLE_DEBUG_INFO = INCLUDE_SOURCE;
				ONLY_ACTIVE_ARCH = YES;
				SWIFT_ACTIVE_COMPILATION_CONDITIONS = DEBUG;
				SWIFT_OPTIMIZATION_LEVEL = "-Onone";
			};
			name = Debug;
		};

		543E1BFC26304BE881E8D5AC /* Release */ = {
			isa = XCBuildConfiguration;
			buildSettings = {
				ALWAYS_SEARCH_USER_PATHS = NO;
				CLANG_ANALYZER_NONNULL = YES;
				CLANG_ENABLE_MODULES = YES;
				CLANG_ENABLE_OBJC_ARC = YES;
				CLANG_WARN_BLOCK_CAPTURE_AUTORELEASING = YES;
				CLANG_WARN_BOOL_CONVERSION = YES;
				CLANG_WARN_COMMA = YES;
				CLANG_WARN_CONSTANT_CONVERSION = YES;
				CLANG_WARN_DEPRECATED_OBJC_IMPLEMENTATIONS = YES;
				CLANG_WARN_EMPTY_BODY = YES;
				CLANG_WARN_ENUM_CONVERSION = YES;
				CLANG_WARN_INFINITE_RECURSION = YES;
				CLANG_WARN_INT_CONVERSION = YES;
				CLANG_WARN_NON_LITERAL_NULL_CONVERSION = YES;
				CLANG_WARN_OBJC_IMPLICIT_RETAIN_SELF = YES;
				CLANG_WARN_QUOTED_INCLUDE_IN_FRAMEWORK_HEADER = YES;
				CLANG_WARN_RANGE_LOOP_ANALYSIS = YES;
				CLANG_WARN_STRICT_PROTOTYPES = YES;
				CLANG_WARN_SUSPICIOUS_MOVE = YES;
				CLANG_WARN_UNREACHABLE_CODE = YES;
				CLANG_WARN__DUPLICATE_METHOD_MATCH = YES;
				COPY_PHASE_STRIP = NO;
				DEAD_CODE_STRIPPING = YES;
				ENABLE_STRICT_OBJC_MSGSEND = YES;
				GCC_C_LANGUAGE_STANDARD = gnu17;
				GCC_NO_COMMON_BLOCKS = YES;
				GCC_WARN_64_TO_32_BIT_CONVERSION = YES;
				GCC_WARN_ABOUT_RETURN_TYPE = YES_ERROR;
				GCC_WARN_UNDECLARED_SELECTOR = YES;
				GCC_WARN_UNINITIALIZED_AUTOS = YES_AGGRESSIVE;
				GCC_WARN_UNUSED_FUNCTION = YES;
				GCC_WARN_UNUSED_VARIABLE = YES;
				MACOSX_DEPLOYMENT_TARGET = 14.0;
				SDKROOT = macosx;

				DEBUG_INFORMATION_FORMAT = "dwarf-with-dsym";
				ENABLE_NS_ASSERTIONS = NO;
				MTL_ENABLE_DEBUG_INFO = NO;
				SWIFT_COMPILATION_MODE = wholemodule;
				SWIFT_OPTIMIZATION_LEVEL = "-O";
			};
			name = Release;
		};

		6B91DF5CBD5F4670AB373CCB /* Debug */ = {
			isa = XCBuildConfiguration;
			buildSettings = {
				ASSETCATALOG_COMPILER_APPICON_NAME = AppIcon;
				CODE_SIGN_ENTITLEMENTS = MacBookFaceID/Resources/MacBookFaceID.entitlements;
				CODE_SIGN_IDENTITY = "-";
				CODE_SIGN_STYLE = Automatic;
				COMBINE_HIDPI_IMAGES = YES;
				CURRENT_PROJECT_VERSION = 2;
				ENABLE_HARDENED_RUNTIME = YES;
				GENERATE_INFOPLIST_FILE = NO;
				INFOPLIST_FILE = MacBookFaceID/Resources/Info.plist;
				LD_RUNPATH_SEARCH_PATHS = (
					"$(inherited)",
					"@executable_path/../Frameworks",
				);
				MACOSX_DEPLOYMENT_TARGET = 14.0;
				MARKETING_VERSION = 0.2.0;
				PRODUCT_BUNDLE_IDENTIFIER = com.plut0000.MacBookFaceID;
				PRODUCT_NAME = "MacBook FaceID";
				SWIFT_EMIT_LOC_STRINGS = YES;
				SWIFT_OBJC_BRIDGING_HEADER = MacBookFaceID/Support/CGSessionBridge.h;
				SWIFT_VERSION = 5.0;
			};
			name = Debug;
		};

		926A9EECD09B490499F16B40 /* Release */ = {
			isa = XCBuildConfiguration;
			buildSettings = {
				ASSETCATALOG_COMPILER_APPICON_NAME = AppIcon;
				CODE_SIGN_ENTITLEMENTS = MacBookFaceID/Resources/MacBookFaceID.entitlements;
				CODE_SIGN_IDENTITY = "-";
				CODE_SIGN_STYLE = Automatic;
				COMBINE_HIDPI_IMAGES = YES;
				CURRENT_PROJECT_VERSION = 2;
				ENABLE_HARDENED_RUNTIME = YES;
				GENERATE_INFOPLIST_FILE = NO;
				INFOPLIST_FILE = MacBookFaceID/Resources/Info.plist;
				LD_RUNPATH_SEARCH_PATHS = (
					"$(inherited)",
					"@executable_path/../Frameworks",
				);
				MACOSX_DEPLOYMENT_TARGET = 14.0;
				MARKETING_VERSION = 0.2.0;
				PRODUCT_BUNDLE_IDENTIFIER = com.plut0000.MacBookFaceID;
				PRODUCT_NAME = "MacBook FaceID";
				SWIFT_EMIT_LOC_STRINGS = YES;
				SWIFT_OBJC_BRIDGING_HEADER = MacBookFaceID/Support/CGSessionBridge.h;
				SWIFT_VERSION = 5.0;
			};
			name = Release;
		};
/* End XCBuildConfiguration section */

/* Begin XCConfigurationList section */
		B39AB8480A274457A44ED804 /* Build configuration list for PBXProject "MacBookFaceID" */ = {
			isa = XCConfigurationList;
			buildConfigurations = (
				FE85997451A84397992358EF /* Debug */,
				543E1BFC26304BE881E8D5AC /* Release */,
			);
			defaultConfigurationIsVisible = 0;
			defaultConfigurationName = Release;
		};
		49BF0E54E3554C11BD003E77 /* Build configuration list for PBXNativeTarget "MacBookFaceID" */ = {
			isa = XCConfigurationList;
			buildConfigurations = (
				6B91DF5CBD5F4670AB373CCB /* Debug */,
				926A9EECD09B490499F16B40 /* Release */,
			);
			defaultConfigurationIsVisible = 0;
			defaultConfigurationName = Release;
		};
/* End XCConfigurationList section */
	};
	rootObject = E47FBD8F07EE4BB9939C8DFF /* Project object */;
}
